// !$*UTF8*$!
{
	archiveVersion = 1;
	classes = {
	};
	objectVersion = 50;
	objects = {

/* Begin PBXBuildFile section */
		8F85562B23673EE6003497B3 /* AppDelegate.swift in Sources */ = {isa = PBXBuildFile; fileRef = 8F85562A23673EE6003497B3 /* AppDelegate.swift */; };
		8F85562D23673EE6003497B3 /* SceneDelegate.swift in Sources */ = {isa = PBXBuildFile; fileRef = 8F85562C23673EE6003497B3 /* SceneDelegate.swift */; };
		8F85562F23673EE6003497B3 /* ViewController.swift in Sources */ = {isa = PBXBuildFile; fileRef = 8F85562E23673EE6003497B3 /* ViewController.swift */; };
		8F85563223673EE6003497B3 /* Main.storyboard in Resources */ = {isa = PBXBuildFile; fileRef = 8F85563023673EE6003497B3 /* Main.storyboard */; };
		8F85563423673EE8003497B3 /* Assets.xcassets in Resources */ = {isa = PBXBuildFile; fileRef = 8F85563323673EE8003497B3 /* Assets.xcassets */; };
		8F85563723673EE8003497B3 /* LaunchScreen.storyboard in Resources */ = {isa = PBXBuildFile; fileRef = 8F85563523673EE8003497B3 /* LaunchScreen.storyboard */; };
		8F85564223673EE8003497B3 /* UISearchControllerTests.swift in Sources */ = {isa = PBXBuildFile; fileRef = 8F85564123673EE8003497B3 /* UISearchControllerTests.swift */; };
		8F85564D23673EE8003497B3 /* UISearchControllerUITests.swift in Sources */ = {isa = PBXBuildFile; fileRef = 8F85564C23673EE8003497B3 /* UISearchControllerUITests.swift */; };
		8F85565E23673FCC003497B3 /* SearchResultVC.swift in Sources */ = {isa = PBXBuildFile; fileRef = 8F85565D23673FCC003497B3 /* SearchResultVC.swift */; };
		8F8556602367447A003497B3 /* candidateTableVC.swift in Sources */ = {isa = PBXBuildFile; fileRef = 8F85565F2367447A003497B3 /* candidateTableVC.swift */; };
		8F8556C1236896D8003497B3 /* MainTableViewController.swift in Sources */ = {isa = PBXBuildFile; fileRef = 8F8556C0236896D8003497B3 /* MainTableViewController.swift */; };
/* End PBXBuildFile section */

/* Begin PBXContainerItemProxy section */
		8F85563E23673EE8003497B3 /* PBXContainerItemProxy */ = {
			isa = PBXContainerItemProxy;
			containerPortal = 8F85561F23673EE6003497B3 /* Project object */;
			proxyType = 1;
			remoteGlobalIDString = 8F85562623673EE6003497B3;
			remoteInfo = UISearchController;
		};
		8F85564923673EE8003497B3 /* PBXContainerItemProxy */ = {
			isa = PBXContainerItemProxy;
			containerPortal = 8F85561F23673EE6003497B3 /* Project object */;
			proxyType = 1;
			remoteGlobalIDString = 8F85562623673EE6003497B3;
			remoteInfo = UISearchController;
		};
/* End PBXContainerItemProxy section */

/* Begin PBXFileReference section */
		8F85562723673EE6003497B3 /* UISearchController.app */ = {isa = PBXFileReference; explicitFileType = wrapper.application; includeInIndex = 0; path = UISearchController.app; sourceTree = BUILT_PRODUCTS_DIR; };
		8F85562A23673EE6003497B3 /* AppDelegate.swift */ = {isa = PBXFileReference; lastKnownFileType = sourcecode.swift; path = AppDelegate.swift; sourceTree = "<group>"; };
		8F85562C23673EE6003497B3 /* SceneDelegate.swift */ = {isa = PBXFileReference; lastKnownFileType = sourcecode.swift; path = SceneDelegate.swift; sourceTree = "<group>"; };
		8F85562E23673EE6003497B3 /* ViewController.swift */ = {isa = PBXFileReference; lastKnownFileType = sourcecode.swift; path = ViewController.swift; sourceTree = "<group>"; };
		8F85563123673EE6003497B3 /* Base */ = {isa = PBXFileReference; lastKnownFileType = file.storyboard; name = Base; path = Base.lproj/Main.storyboard; sourceTree = "<group>"; };
		8F85563323673EE8003497B3 /* Assets.xcassets */ = {isa = PBXFileReference; lastKnownFileType = folder.assetcatalog; path = Assets.xcassets; sourceTree = "<group>"; };
		8F85563623673EE8003497B3 /* Base */ = {isa = PBXFileReference; lastKnownFileType = file.storyboard; name = Base; path = Base.lproj/LaunchScreen.storyboard; sourceTree = "<group>"; };
		8F85563823673EE8003497B3 /* Info.plist */ = {isa = PBXFileReference; lastKnownFileType = text.plist.xml; path = Info.plist; sourceTree = "<group>"; };
		8F85563D23673EE8003497B3 /* UISearchControllerTests.xctest */ = {isa = PBXFileReference; explicitFileType = wrapper.cfbundle; includeInIndex = 0; path = UISearchControllerTests.xctest; sourceTree = BUILT_PRODUCTS_DIR; };
		8F85564123673EE8003497B3 /* UISearchControllerTests.swift */ = {isa = PBXFileReference; lastKnownFileType = sourcecode.swift; path = UISearchControllerTests.swift; sourceTree = "<group>"; };
		8F85564323673EE8003497B3 /* Info.plist */ = {isa = PBXFileReference; lastKnownFileType = text.plist.xml; path = Info.plist; sourceTree = "<group>"; };
		8F85564823673EE8003497B3 /* UISearchControllerUITests.xctest */ = {isa = PBXFileReference; explicitFileType = wrapper.cfbundle; includeInIndex = 0; path = UISearchControllerUITests.xctest; sourceTree = BUILT_PRODUCTS_DIR; };
		8F85564C23673EE8003497B3 /* UISearchControllerUITests.swift */ = {isa = PBXFileReference; lastKnownFileType = sourcecode.swift; path = UISearchControllerUITests.swift; sourceTree = "<group>"; };
		8F85564E23673EE8003497B3 /* Info.plist */ = {isa = PBXFileReference; lastKnownFileType = text.plist.xml; path = Info.plist; sourceTree = "<group>"; };
		8F85565D23673FCC003497B3 /* SearchResultVC.swift */ = {isa = PBXFileReference; lastKnownFileType = sourcecode.swift; path = SearchResultVC.swift; sourceTree = "<group>"; };
		8F85565F2367447A003497B3 /* candidateTableVC.swift */ = {isa = PBXFileReference; lastKnownFileType = sourcecode.swift; path = candidateTableVC.swift; sourceTree = "<group>"; };
		8F8556C0236896D8003497B3 /* MainTableViewController.swift */ = {isa = PBXFileReference; lastKnownFileType = sourcecode.swift; path = MainTableViewController.swift; sourceTree = "<group>"; };
/* End PBXFileReference section */

/* Begin PBXFrameworksBuildPhase section */
		8F85562423673EE6003497B3 /* Frameworks */ = {
			isa = PBXFrameworksBuildPhase;
			buildActionMask = 2147483647;
			files = (
			);
			runOnlyForDeploymentPostprocessing = 0;
		};
		8F85563A23673EE8003497B3 /* Frameworks */ = {
			isa = PBXFrameworksBuildPhase;
			buildActionMask = 2147483647;
			files = (
			);
			runOnlyForDeploymentPostprocessing = 0;
		};
		8F85564523673EE8003497B3 /* Frameworks */ = {
			isa = PBXFrameworksBuildPhase;
			buildActionMask = 2147483647;
			files = (
			);
			runOnlyForDeploymentPostprocessing = 0;
		};
/* End PBXFrameworksBuildPhase section */

/* Begin PBXGroup section */
		8F85561E23673EE6003497B3 = {
			isa = PBXGroup;
			children = (
				8F85562923673EE6003497B3 /* UISearchController */,
				8F85564023673EE8003497B3 /* UISearchControllerTests */,
				8F85564B23673EE8003497B3 /* UISearchControllerUITests */,
				8F85562823673EE6003497B3 /* Products */,
			);
			sourceTree = "<group>";
		};
		8F85562823673EE6003497B3 /* Products */ = {
			isa = PBXGroup;
			children = (
				8F85562723673EE6003497B3 /* UISearchController.app */,
				8F85563D23673EE8003497B3 /* UISearchControllerTests.xctest */,
				8F85564823673EE8003497B3 /* UISearchControllerUITests.xctest */,
			);
			name = Products;
			sourceTree = "<group>";
		};
		8F85562923673EE6003497B3 /* UISearchController */ = {
			isa = PBXGroup;
			children = (
				8F85563823673EE8003497B3 /* Info.plist */,
				8F85565B23673F97003497B3 /* VC */,
				8F85565C23673FA0003497B3 /* View */,
				8F85565A23673F7F003497B3 /* Supporting Fils */,
			);
			path = UISearchController;
			sourceTree = "<group>";
		};
		8F85564023673EE8003497B3 /* UISearchControllerTests */ = {
			isa = PBXGroup;
			children = (
				8F85564123673EE8003497B3 /* UISearchControllerTests.swift */,
				8F85564323673EE8003497B3 /* Info.plist */,
			);
			path = UISearchControllerTests;
			sourceTree = "<group>";
		};
		8F85564B23673EE8003497B3 /* UISearchControllerUITests */ = {
			isa = PBXGroup;
			children = (
				8F85564C23673EE8003497B3 /* UISearchControllerUITests.swift */,
				8F85564E23673EE8003497B3 /* Info.plist */,
			);
			path = UISearchControllerUITests;
			sourceTree = "<group>";
		};
		8F85565A23673F7F003497B3 /* Supporting Fils */ = {
			isa = PBXGroup;
			children = (
				8F85563023673EE6003497B3 /* Main.storyboard */,
				8F85562C23673EE6003497B3 /* SceneDelegate.swift */,
				8F85563323673EE8003497B3 /* Assets.xcassets */,
				8F85563523673EE8003497B3 /* LaunchScreen.storyboard */,
				8F85562A23673EE6003497B3 /* AppDelegate.swift */,
			);
			path = "Supporting Fils";
			sourceTree = "<group>";
		};
		8F85565B23673F97003497B3 /* VC */ = {
			isa = PBXGroup;
			children = (
				8F85562E23673EE6003497B3 /* ViewController.swift */,
				8F85565D23673FCC003497B3 /* SearchResultVC.swift */,
				8F85565F2367447A003497B3 /* candidateTableVC.swift */,
				8F8556C0236896D8003497B3 /* MainTableViewController.swift */,
			);
			path = VC;
			sourceTree = "<group>";
		};
		8F85565C23673FA0003497B3 /* View */ = {
			isa = PBXGroup;
			children = (
			);
			path = View;
			sourceTree = "<group>";
		};
/* End PBXGroup section */

/* Begin PBXNativeTarget section */
		8F85562623673EE6003497B3 /* UISearchController */ = {
			isa = PBXNativeTarget;
			buildConfigurationList = 8F85565123673EE8003497B3 /* Build configuration list for PBXNativeTarget "UISearchController" */;
			buildPhases = (
				8F85562323673EE6003497B3 /* Sources */,
				8F85562423673EE6003497B3 /* Frameworks */,
				8F85562523673EE6003497B3 /* Resources */,
			);
			buildRules = (
			);
			dependencies = (
			);
			name = UISearchController;
			productName = UISearchController;
			productReference = 8F85562723673EE6003497B3 /* UISearchController.app */;
			productType = "com.apple.product-type.application";
		};
		8F85563C23673EE8003497B3 /* UISearchControllerTests */ = {
			isa = PBXNativeTarget;
			buildConfigurationList = 8F85565423673EE8003497B3 /* Build configuration list for PBXNativeTarget "UISearchControllerTests" */;
			buildPhases = (
				8F85563923673EE8003497B3 /* Sources */,
				8F85563A23673EE8003497B3 /* Frameworks */,
				8F85563B23673EE8003497B3 /* Resources */,
			);
			buildRules = (
			);
			dependencies = (
				8F85563F23673EE8003497B3 /* PBXTargetDependency */,
			);
			name = UISearchControllerTests;
			productName = UISearchControllerTests;
			productReference = 8F85563D23673EE8003497B3 /* UISearchControllerTests.xctest */;
			productType = "com.apple.product-type.bundle.unit-test";
		};
		8F85564723673EE8003497B3 /* UISearchControllerUITests */ = {
			isa = PBXNativeTarget;
			buildConfigurationList = 8F85565723673EE8003497B3 /* Build configuration list for PBXNativeTarget "UISearchControllerUITests" */;
			buildPhases = (
				8F85564423673EE8003497B3 /* Sources */,
				8F85564523673EE8003497B3 /* Frameworks */,
				8F85564623673EE8003497B3 /* Resources */,
			);
			buildRules = (
			);
			dependencies = (
				8F85564A23673EE8003497B3 /* PBXTargetDependency */,
			);
			name = UISearchControllerUITests;
			productName = UISearchControllerUITests;
			productReference = 8F85564823673EE8003497B3 /* UISearchControllerUITests.xctest */;
			productType = "com.apple.product-type.bundle.ui-testing";
		};
/* End PBXNativeTarget section */

/* Begin PBXProject section */
		8F85561F23673EE6003497B3 /* Project object */ = {
			isa = PBXProject;
			attributes = {
				LastSwiftUpdateCheck = 1110;
				LastUpgradeCheck = 1110;
				ORGANIZATIONNAME = coastcao;
				TargetAttributes = {
					8F85562623673EE6003497B3 = {
						CreatedOnToolsVersion = 11.1;
					};
					8F85563C23673EE8003497B3 = {
						CreatedOnToolsVersion = 11.1;
						TestTargetID = 8F85562623673EE6003497B3;
					};
					8F85564723673EE8003497B3 = {
						CreatedOnToolsVersion = 11.1;
						TestTargetID = 8F85562623673EE6003497B3;
					};
				};
			};
			buildConfigurationList = 8F85562223673EE6003497B3 /* Build configuration list for PBXProject "UISearchController" */;
			compatibilityVersion = "Xcode 9.3";
			developmentRegion = en;
			hasScannedForEncodings = 0;
			knownRegions = (
				en,
				Base,
			);
			mainGroup = 8F85561E23673EE6003497B3;
			productRefGroup = 8F85562823673EE6003497B3 /* Products */;
			projectDirPath = "";
			projectRoot = "";
			targets = (
				8F85562623673EE6003497B3 /* UISearchController */,
				8F85563C23673EE8003497B3 /* UISearchControllerTests */,
				8F85564723673EE8003497B3 /* UISearchControllerUITests */,
			);
		};
/* End PBXProject section */

/* Begin PBXResourcesBuildPhase section */
		8F85562523673EE6003497B3 /* Resources */ = {
			isa = PBXResourcesBuildPhase;
			buildActionMask = 2147483647;
			files = (
				8F85563723673EE8003497B3 /* LaunchScreen.storyboard in Resources */,
				8F85563423673EE8003497B3 /* Assets.xcassets in Resources */,
				8F85563223673EE6003497B3 /* Main.storyboard in Resources */,
			);
			runOnlyForDeploymentPostprocessing = 0;
		};
		8F85563B23673EE8003497B3 /* Resources */ = {
			isa = PBXResourcesBuildPhase;
			buildActionMask = 2147483647;
			files = (
			);
			runOnlyForDeploymentPostprocessing = 0;
		};
		8F85564623673EE8003497B3 /* Resources */ = {
			isa = PBXResourcesBuildPhase;
			buildActionMask = 2147483647;
			files = (
			);
			runOnlyForDeploymentPostprocessing = 0;
		};
/* End PBXResourcesBuildPhase section */

/* Begin PBXSourcesBuildPhase section */
		8F85562323673EE6003497B3 /* Sources */ = {
			isa = PBXSourcesBuildPhase;
			buildActionMask = 2147483647;
			files = (
				8F85562F23673EE6003497B3 /* ViewController.swift in Sources */,
				8F85565E23673FCC003497B3 /* SearchResultVC.swift in Sources */,
				8F8556602367447A003497B3 /* candidateTableVC.swift in Sources */,
				8F85562B23673EE6003497B3 /* AppDelegate.swift in Sources */,
				8F8556C1236896D8003497B3 /* MainTableViewController.swift in Sources */,
				8F85562D23673EE6003497B3 /* SceneDelegate.swift in Sources */,
			);
			runOnlyForDeploymentPostprocessing = 0;
		};
		8F85563923673EE8003497B3 /* Sources */ = {
			isa = PBXSourcesBuildPhase;
			buildActionMask = 2147483647;
			files = (
				8F85564223673EE8003497B3 /* UISearchControllerTests.swift in Sources */,
			);
			runOnlyForDeploymentPostprocessing = 0;
		};
		8F85564423673EE8003497B3 /* Sources */ = {
			isa = PBXSourcesBuildPhase;
			buildActionMask = 2147483647;
			files = (
				8F85564D23673EE8003497B3 /* UISearchControllerUITests.swift in Sources */,
			);
			runOnlyForDeploymentPostprocessing = 0;
		};
/* End PBXSourcesBuildPhase section */

/* Begin PBXTargetDependency section */
		8F85563F23673EE8003497B3 /* PBXTargetDependency */ = {
			isa = PBXTargetDependency;
			target = 8F85562623673EE6003497B3 /* UISearchController */;
			targetProxy = 8F85563E23673EE8003497B3 /* PBXContainerItemProxy */;
		};
		8F85564A23673EE8003497B3 /* PBXTargetDependency */ = {
			isa = PBXTargetDependency;
			target = 8F85562623673EE6003497B3 /* UISearchController */;
			targetProxy = 8F85564923673EE8003497B3 /* PBXContainerItemProxy */;
		};
/* End PBXTargetDependency section */

/* Begin PBXVariantGroup section */
		8F85563023673EE6003497B3 /* Main.storyboard */ = {
			isa = PBXVariantGroup;
			children = (
				8F85563123673EE6003497B3 /* Base */,
			);
			name = Main.storyboard;
			sourceTree = "<group>";
		};
		8F85563523673EE8003497B3 /* LaunchScreen.storyboard */ = {
			isa = PBXVariantGroup;
			children = (
				8F85563623673EE8003497B3 /* Base */,
			);
			name = LaunchScreen.storyboard;
			sourceTree = "<group>";
		};
/* End PBXVariantGroup section */

/* Begin XCBuildConfiguration section */
		8F85564F23673EE8003497B3 /* Debug */ = {
			isa = XCBuildConfiguration;
			buildSettings = {
				ALWAYS_SEARCH_USER_PATHS = NO;
				CLANG_ANALYZER_NONNULL = YES;
				CLANG_ANALYZER_NUMBER_OBJECT_CONVERSION = YES_AGGRESSIVE;
				CLANG_CXX_LANGUAGE_STANDARD = "gnu++14";
				CLANG_CXX_LIBRARY = "libc++";
				CLANG_ENABLE_MODULES = YES;
				CLANG_ENABLE_OBJC_ARC = YES;
				CLANG_ENABLE_OBJC_WEAK = YES;
				CLANG_WARN_BLOCK_CAPTURE_AUTORELEASING = YES;
				CLANG_WARN_BOOL_CONVERSION = YES;
				CLANG_WARN_COMMA = YES;
				CLANG_WARN_CONSTANT_CONVERSION = YES;
				CLANG_WARN_DEPRECATED_OBJC_IMPLEMENTATIONS = YES;
				CLANG_WARN_DIRECT_OBJC_ISA_USAGE = YES_ERROR;
				CLANG_WARN_DOCUMENTATION_COMMENTS = YES;
				CLANG_WARN_EMPTY_BODY = YES;
				CLANG_WARN_ENUM_CONVERSION = YES;
				CLANG_WARN_INFINITE_RECURSION = YES;
				CLANG_WARN_INT_CONVERSION = YES;
				CLANG_WARN_NON_LITERAL_NULL_CONVERSION = YES;
				CLANG_WARN_OBJC_IMPLICIT_RETAIN_SELF = YES;
				CLANG_WARN_OBJC_LITERAL_CONVERSION = YES;
				CLANG_WARN_OBJC_ROOT_CLASS = YES_ERROR;
				CLANG_WARN_RANGE_LOOP_ANALYSIS = YES;
				CLANG_WARN_STRICT_PROTOTYPES = YES;
				CLANG_WARN_SUSPICIOUS_MOVE = YES;
				CLANG_WARN_UNGUARDED_AVAILABILITY = YES_AGGRESSIVE;
				CLANG_WARN_UNREACHABLE_CODE = YES;
				CLANG_WARN__DUPLICATE_METHOD_MATCH = YES;
				COPY_PHASE_STRIP = NO;
				DEBUG_INFORMATION_FORMAT = dwarf;
				ENABLE_STRICT_OBJC_MSGSEND = YES;
				ENABLE_TESTABILITY = YES;
				GCC_C_LANGUAGE_STANDARD = gnu11;
				GCC_DYNAMIC_NO_PIC = NO;
				GCC_NO_COMMON_BLOCKS = YES;
				GCC_OPTIMIZATION_LEVEL = 0;
				GCC_PREPROCESSOR_DEFINITIONS = (
					"DEBUG=1",
					"$(inherited)",
				);
				GCC_WARN_64_TO_32_BIT_CONVERSION = YES;
				GCC_WARN_ABOUT_RETURN_TYPE = YES_ERROR;
				GCC_WARN_UNDECLARED_SELECTOR = YES;
				GCC_WARN_UNINITIALIZED_AUTOS = YES_AGGRESSIVE;
				GCC_WARN_UNUSED_FUNCTION = YES;
				GCC_WARN_UNUSED_VARIABLE = YES;
				IPHONEOS_DEPLOYMENT_TARGET = 13.1;
				MTL_ENABLE_DEBUG_INFO = INCLUDE_SOURCE;
				MTL_FAST_MATH = YES;
				ONLY_ACTIVE_ARCH = YES;
				SDKROOT = iphoneos;
				SWIFT_ACTIVE_COMPILATION_CONDITIONS = DEBUG;
				SWIFT_OPTIMIZATION_LEVEL = "-Onone";
			};
			name = Debug;
		};
		8F85565023673EE8003497B3 /* Release */ = {
			isa = XCBuildConfiguration;
			buildSettings = {
				ALWAYS_SEARCH_USER_PATHS = NO;
				CLANG_ANALYZER_NONNULL = YES;
				CLANG_ANALYZER_NUMBER_OBJECT_CONVERSION = YES_AGGRESSIVE;
				CLANG_CXX_LANGUAGE_STANDARD = "gnu++14";
				CLANG_CXX_LIBRARY = "libc++";
				CLANG_ENABLE_MODULES = YES;
				CLANG_ENABLE_OBJC_ARC = YES;
				CLANG_ENABLE_OBJC_WEAK = YES;
				CLANG_WARN_BLOCK_CAPTURE_AUTORELEASING = YES;
				CLANG_WARN_BOOL_CONVERSION = YES;
				CLANG_WARN_COMMA = YES;
				CLANG_WARN_CONSTANT_CONVERSION = YES;
				CLANG_WARN_DEPRECATED_OBJC_IMPLEMENTATIONS = YES;
				CLANG_WARN_DIRECT_OBJC_ISA_USAGE = YES_ERROR;
				CLANG_WARN_DOCUMENTATION_COMMENTS = YES;
				CLANG_WARN_EMPTY_BODY = YES;
				CLANG_WARN_ENUM_CONVERSION = YES;
				CLANG_WARN_INFINITE_RECURSION = YES;
				CLANG_WARN_INT_CONVERSION = YES;
				CLANG_WARN_NON_LITERAL_NULL_CONVERSION = YES;
				CLANG_WARN_OBJC_IMPLICIT_RETAIN_SELF = YES;
				CLANG_WARN_OBJC_LITERAL_CONVERSION = YES;
				CLANG_WARN_OBJC_ROOT_CLASS = YES_ERROR;
				CLANG_WARN_RANGE_LOOP_ANALYSIS = YES;
				CLANG_WARN_STRICT_PROTOTYPES = YES;
				CLANG_WARN_SUSPICIOUS_MOVE = YES;
				CLANG_WARN_UNGUARDED_AVAILABILITY = YES_AGGRESSIVE;
				CLANG_WARN_UNREACHABLE_CODE = YES;
				CLANG_WARN__DUPLICATE_METHOD_MATCH = YES;
				COPY_PHASE_STRIP = NO;
				DEBUG_INFORMATION_FORMAT = "dwarf-with-dsym";
				ENABLE_NS_ASSERTIONS = NO;
				ENABLE_STRICT_OBJC_MSGSEND = YES;
				GCC_C_LANGUAGE_STANDARD = gnu11;
				GCC_NO_COMMON_BLOCKS = YES;
				GCC_WARN_64_TO_32_BIT_CONVERSION = YES;
				GCC_WARN_ABOUT_RETURN_TYPE = YES_ERROR;
				GCC_WARN_UNDECLARED_SELECTOR = YES;
				GCC_WARN_UNINITIALIZED_AUTOS = YES_AGGRESSIVE;
				GCC_WARN_UNUSED_FUNCTION = YES;
				GCC_WARN_UNUSED_VARIABLE = YES;
				IPHONEOS_DEPLOYMENT_TARGET = 13.1;
				MTL_ENABLE_DEBUG_INFO = NO;
				MTL_FAST_MATH = YES;
				SDKROOT = iphoneos;
				SWIFT_COMPILATION_MODE = wholemodule;
				SWIFT_OPTIMIZATION_LEVEL = "-O";
				VALIDATE_PRODUCT = YES;
			};
			name = Release;
		};
		8F85565223673EE8003497B3 /* Debug */ = {
			isa = XCBuildConfiguration;
			buildSettings = {
				ASSETCATALOG_COMPILER_APPICON_NAME = AppIcon;
				CODE_SIGN_STYLE = Automatic;
				INFOPLIST_FILE = UISearchController/Info.plist;
				LD_RUNPATH_SEARCH_PATHS = (
					"$(inherited)",
					"@executable_path/Frameworks",
				);
				PRODUCT_BUNDLE_IDENTIFIER = Coast.UISearchController;
				PRODUCT_NAME = "$(TARGET_NAME)";
				SWIFT_VERSION = 5.0;
				TARGETED_DEVICE_FAMILY = "1,2";
			};
			name = Debug;
		};
		8F85565323673EE8003497B3 /* Release */ = {
			isa = XCBuildConfiguration;
			buildSettings = {
				ASSETCATALOG_COMPILER_APPICON_NAME = AppIcon;
				CODE_SIGN_STYLE = Automatic;
				INFOPLIST_FILE = UISearchController/Info.plist;
				LD_RUNPATH_SEARCH_PATHS = (
					"$(inherited)",
					"@executable_path/Frameworks",
				);
				PRODUCT_BUNDLE_IDENTIFIER = Coast.UISearchController;
				PRODUCT_NAME = "$(TARGET_NAME)";
				SWIFT_VERSION = 5.0;
				TARGETED_DEVICE_FAMILY = "1,2";
			};
			name = Release;
		};
		8F85565523673EE8003497B3 /* Debug */ = {
			isa = XCBuildConfiguration;
			buildSettings = {
				ALWAYS_EMBED_SWIFT_STANDARD_LIBRARIES = YES;
				BUNDLE_LOADER = "$(TEST_HOST)";
				CODE_SIGN_STYLE = Automatic;
				INFOPLIST_FILE = UISearchControllerTests/Info.plist;
				IPHONEOS_DEPLOYMENT_TARGET = 13.1;
				LD_RUNPATH_SEARCH_PATHS = (
					"$(inherited)",
					"@executable_path/Frameworks",
					"@loader_path/Frameworks",
				);
				PRODUCT_BUNDLE_IDENTIFIER = Coast.UISearchControllerTests;
				PRODUCT_NAME = "$(TARGET_NAME)";
				SWIFT_VERSION = 5.0;
				TARGETED_DEVICE_FAMILY = "1,2";
				TEST_HOST = "$(BUILT_PRODUCTS_DIR)/UISearchController.app/UISearchController";
			};
			name = Debug;
		};
		8F85565623673EE8003497B3 /* Release */ = {
			isa = XCBuildConfiguration;
			buildSettings = {
				ALWAYS_EMBED_SWIFT_STANDARD_LIBRARIES = YES;
				BUNDLE_LOADER = "$(TEST_HOST)";
				CODE_SIGN_STYLE = Automatic;
				INFOPLIST_FILE = UISearchControllerTests/Info.plist;
				IPHONEOS_DEPLOYMENT_TARGET = 13.1;
				LD_RUNPATH_SEARCH_PATHS = (
					"$(inherited)",
					"@executable_path/Frameworks",
					"@loader_path/Frameworks",
				);
				PRODUCT_BUNDLE_IDENTIFIER = Coast.UISearchControllerTests;
				PRODUCT_NAME = "$(TARGET_NAME)";
				SWIFT_VERSION = 5.0;
				TARGETED_DEVICE_FAMILY = "1,2";
				TEST_HOST = "$(BUILT_PRODUCTS_DIR)/UISearchController.app/UISearchController";
			};
			name = Release;
		};
		8F85565823673EE8003497B3 /* Debug */ = {
			isa = XCBuildConfiguration;
			buildSettings = {
				ALWAYS_EMBED_SWIFT_STANDARD_LIBRARIES = YES;
				CODE_SIGN_STYLE = Automatic;
				INFOPLIST_FILE = UISearchControllerUITests/Info.plist;
				LD_RUNPATH_SEARCH_PATHS = (
					"$(inherited)",
					"@executable_path/Frameworks",
					"@loader_path/Frameworks",
				);
				PRODUCT_BUNDLE_IDENTIFIER = Coast.UISearchControllerUITests;
				PRODUCT_NAME = "$(TARGET_NAME)";
				SWIFT_VERSION = 5.0;
				TARGETED_DEVICE_FAMILY = "1,2";
				TEST_TARGET_NAME = UISearchController;
			};
			name = Debug;
		};
		8F85565923673EE8003497B3 /* Release */ = {
			isa = XCBuildConfiguration;
			buildSettings = {
				ALWAYS_EMBED_SWIFT_STANDARD_LIBRARIES = YES;
				CODE_SIGN_STYLE = Automatic;
				INFOPLIST_FILE = UISearchControllerUITests/Info.plist;
				LD_RUNPATH_SEARCH_PATHS = (
					"$(inherited)",
					"@executable_path/Frameworks",
					"@loader_path/Frameworks",
				);
				PRODUCT_BUNDLE_IDENTIFIER = Coast.UISearchControllerUITests;
				PRODUCT_NAME = "$(TARGET_NAME)";
				SWIFT_VERSION = 5.0;
				TARGETED_DEVICE_FAMILY = "1,2";
				TEST_TARGET_NAME = UISearchController;
			};
			name = Release;
		};
/* End XCBuildConfiguration section */

/* Begin XCConfigurationList section */
		8F85562223673EE6003497B3 /* Build configuration list for PBXProject "UISearchController" */ = {
			isa = XCConfigurationList;
			buildConfigurations = (
				8F85564F23673EE8003497B3 /* Debug */,
				8F85565023673EE8003497B3 /* Release */,
			);
			defaultConfigurationIsVisible = 0;
			defaultConfigurationName = Release;
		};
		8F85565123673EE8003497B3 /* Build configuration list for PBXNativeTarget "UISearchController" */ = {
			isa = XCConfigurationList;
			buildConfigurations = (
				8F85565223673EE8003497B3 /* Debug */,
				8F85565323673EE8003497B3 /* Release */,
			);
			defaultConfigurationIsVisible = 0;
			defaultConfigurationName = Release;
		};
		8F85565423673EE8003497B3 /* Build configuration list for PBXNativeTarget "UISearchControllerTests" */ = {
			isa = XCConfigurationList;
			buildConfigurations = (
				8F85565523673EE8003497B3 /* Debug */,
				8F85565623673EE8003497B3 /* Release */,
			);
			defaultConfigurationIsVisible = 0;
			defaultConfigurationName = Release;
		};
		8F85565723673EE8003497B3 /* Build configuration list for PBXNativeTarget "UISearchControllerUITests" */ = {
			isa = XCConfigurationList;
			buildConfigurations = (
				8F85565823673EE8003497B3 /* Debug */,
				8F85565923673EE8003497B3 /* Release */,
			);
			defaultConfigurationIsVisible = 0;
			defaultConfigurationName = Release;
		};
/* End XCConfigurationList section */
	};
	rootObject = 8F85561F23673EE6003497B3 /* Project object */;
}
