// !$*UTF8*$!
{
	archiveVersion = 1;
	classes = {
	};
	objectVersion = 50;
	objects = {

/* Begin PBXBuildFile section */
		8F6B85792414F73200BFEFBC /* AppDelegate.swift in Sources */ = {isa = PBXBuildFile; fileRef = 8F6B85782414F73200BFEFBC /* AppDelegate.swift */; };
		8F6B857B2414F73200BFEFBC /* SceneDelegate.swift in Sources */ = {isa = PBXBuildFile; fileRef = 8F6B857A2414F73200BFEFBC /* SceneDelegate.swift */; };
		8F6B857D2414F73200BFEFBC /* ViewController.swift in Sources */ = {isa = PBXBuildFile; fileRef = 8F6B857C2414F73200BFEFBC /* ViewController.swift */; };
		8F6B85802414F73200BFEFBC /* Main.storyboard in Resources */ = {isa = PBXBuildFile; fileRef = 8F6B857E2414F73200BFEFBC /* Main.storyboard */; };
		8F6B85822414F73300BFEFBC /* Assets.xcassets in Resources */ = {isa = PBXBuildFile; fileRef = 8F6B85812414F73300BFEFBC /* Assets.xcassets */; };
		8F6B85852414F73300BFEFBC /* LaunchScreen.storyboard in Resources */ = {isa = PBXBuildFile; fileRef = 8F6B85832414F73300BFEFBC /* LaunchScreen.storyboard */; };
		8F6B85902414F73300BFEFBC /* UICollectionTests.swift in Sources */ = {isa = PBXBuildFile; fileRef = 8F6B858F2414F73300BFEFBC /* UICollectionTests.swift */; };
		8F6B859B2414F73300BFEFBC /* UICollectionUITests.swift in Sources */ = {isa = PBXBuildFile; fileRef = 8F6B859A2414F73300BFEFBC /* UICollectionUITests.swift */; };
		8F6B85A92415045B00BFEFBC /* cell.swift in Sources */ = {isa = PBXBuildFile; fileRef = 8F6B85A82415045B00BFEFBC /* cell.swift */; };
/* End PBXBuildFile section */

/* Begin PBXContainerItemProxy section */
		8F6B858C2414F73300BFEFBC /* PBXContainerItemProxy */ = {
			isa = PBXContainerItemProxy;
			containerPortal = 8F6B856D2414F73200BFEFBC /* Project object */;
			proxyType = 1;
			remoteGlobalIDString = 8F6B85742414F73200BFEFBC;
			remoteInfo = UICollection;
		};
		8F6B85972414F73300BFEFBC /* PBXContainerItemProxy */ = {
			isa = PBXContainerItemProxy;
			containerPortal = 8F6B856D2414F73200BFEFBC /* Project object */;
			proxyType = 1;
			remoteGlobalIDString = 8F6B85742414F73200BFEFBC;
			remoteInfo = UICollection;
		};
/* End PBXContainerItemProxy section */

/* Begin PBXFileReference section */
		8F6B85752414F73200BFEFBC /* UICollection.app */ = {isa = PBXFileReference; explicitFileType = wrapper.application; includeInIndex = 0; path = UICollection.app; sourceTree = BUILT_PRODUCTS_DIR; };
		8F6B85782414F73200BFEFBC /* AppDelegate.swift */ = {isa = PBXFileReference; lastKnownFileType = sourcecode.swift; path = AppDelegate.swift; sourceTree = "<group>"; };
		8F6B857A2414F73200BFEFBC /* SceneDelegate.swift */ = {isa = PBXFileReference; lastKnownFileType = sourcecode.swift; path = SceneDelegate.swift; sourceTree = "<group>"; };
		8F6B857C2414F73200BFEFBC /* ViewController.swift */ = {isa = PBXFileReference; lastKnownFileType = sourcecode.swift; path = ViewController.swift; sourceTree = "<group>"; };
		8F6B857F2414F73200BFEFBC /* Base */ = {isa = PBXFileReference; lastKnownFileType = file.storyboard; name = Base; path = Base.lproj/Main.storyboard; sourceTree = "<group>"; };
		8F6B85812414F73300BFEFBC /* Assets.xcassets */ = {isa = PBXFileReference; lastKnownFileType = folder.assetcatalog; path = Assets.xcassets; sourceTree = "<group>"; };
		8F6B85842414F73300BFEFBC /* Base */ = {isa = PBXFileReference; lastKnownFileType = file.storyboard; name = Base; path = Base.lproj/LaunchScreen.storyboard; sourceTree = "<group>"; };
		8F6B85862414F73300BFEFBC /* Info.plist */ = {isa = PBXFileReference; lastKnownFileType = text.plist.xml; path = Info.plist; sourceTree = "<group>"; };
		8F6B858B2414F73300BFEFBC /* UICollectionTests.xctest */ = {isa = PBXFileReference; explicitFileType = wrapper.cfbundle; includeInIndex = 0; path = UICollectionTests.xctest; sourceTree = BUILT_PRODUCTS_DIR; };
		8F6B858F2414F73300BFEFBC /* UICollectionTests.swift */ = {isa = PBXFileReference; lastKnownFileType = sourcecode.swift; path = UICollectionTests.swift; sourceTree = "<group>"; };
		8F6B85912414F73300BFEFBC /* Info.plist */ = {isa = PBXFileReference; lastKnownFileType = text.plist.xml; path = Info.plist; sourceTree = "<group>"; };
		8F6B85962414F73300BFEFBC /* UICollectionUITests.xctest */ = {isa = PBXFileReference; explicitFileType = wrapper.cfbundle; includeInIndex = 0; path = UICollectionUITests.xctest; sourceTree = BUILT_PRODUCTS_DIR; };
		8F6B859A2414F73300BFEFBC /* UICollectionUITests.swift */ = {isa = PBXFileReference; lastKnownFileType = sourcecode.swift; path = UICollectionUITests.swift; sourceTree = "<group>"; };
		8F6B859C2414F73300BFEFBC /* Info.plist */ = {isa = PBXFileReference; lastKnownFileType = text.plist.xml; path = Info.plist; sourceTree = "<group>"; };
		8F6B85A82415045B00BFEFBC /* cell.swift */ = {isa = PBXFileReference; lastKnownFileType = sourcecode.swift; path = cell.swift; sourceTree = "<group>"; };
/* End PBXFileReference section */

/* Begin PBXFrameworksBuildPhase section */
		8F6B85722414F73200BFEFBC /* Frameworks */ = {
			isa = PBXFrameworksBuildPhase;
			buildActionMask = 2147483647;
			files = (
			);
			runOnlyForDeploymentPostprocessing = 0;
		};
		8F6B85882414F73300BFEFBC /* Frameworks */ = {
			isa = PBXFrameworksBuildPhase;
			buildActionMask = 2147483647;
			files = (
			);
			runOnlyForDeploymentPostprocessing = 0;
		};
		8F6B85932414F73300BFEFBC /* Frameworks */ = {
			isa = PBXFrameworksBuildPhase;
			buildActionMask = 2147483647;
			files = (
			);
			runOnlyForDeploymentPostprocessing = 0;
		};
/* End PBXFrameworksBuildPhase section */

/* Begin PBXGroup section */
		8F6B856C2414F73200BFEFBC = {
			isa = PBXGroup;
			children = (
				8F6B85772414F73200BFEFBC /* UICollection */,
				8F6B858E2414F73300BFEFBC /* UICollectionTests */,
				8F6B85992414F73300BFEFBC /* UICollectionUITests */,
				8F6B85762414F73200BFEFBC /* Products */,
			);
			sourceTree = "<group>";
		};
		8F6B85762414F73200BFEFBC /* Products */ = {
			isa = PBXGroup;
			children = (
				8F6B85752414F73200BFEFBC /* UICollection.app */,
				8F6B858B2414F73300BFEFBC /* UICollectionTests.xctest */,
				8F6B85962414F73300BFEFBC /* UICollectionUITests.xctest */,
			);
			name = Products;
			sourceTree = "<group>";
		};
		8F6B85772414F73200BFEFBC /* UICollection */ = {
			isa = PBXGroup;
			children = (
				8F6B85782414F73200BFEFBC /* AppDelegate.swift */,
				8F6B857A2414F73200BFEFBC /* SceneDelegate.swift */,
				8F6B857C2414F73200BFEFBC /* ViewController.swift */,
				8F6B857E2414F73200BFEFBC /* Main.storyboard */,
				8F6B85812414F73300BFEFBC /* Assets.xcassets */,
				8F6B85832414F73300BFEFBC /* LaunchScreen.storyboard */,
				8F6B85862414F73300BFEFBC /* Info.plist */,
				8F6B85A82415045B00BFEFBC /* cell.swift */,
			);
			path = UICollection;
			sourceTree = "<group>";
		};
		8F6B858E2414F73300BFEFBC /* UICollectionTests */ = {
			isa = PBXGroup;
			children = (
				8F6B858F2414F73300BFEFBC /* UICollectionTests.swift */,
				8F6B85912414F73300BFEFBC /* Info.plist */,
			);
			path = UICollectionTests;
			sourceTree = "<group>";
		};
		8F6B85992414F73300BFEFBC /* UICollectionUITests */ = {
			isa = PBXGroup;
			children = (
				8F6B859A2414F73300BFEFBC /* UICollectionUITests.swift */,
				8F6B859C2414F73300BFEFBC /* Info.plist */,
			);
			path = UICollectionUITests;
			sourceTree = "<group>";
		};
/* End PBXGroup section */

/* Begin PBXNativeTarget section */
		8F6B85742414F73200BFEFBC /* UICollection */ = {
			isa = PBXNativeTarget;
			buildConfigurationList = 8F6B859F2414F73300BFEFBC /* Build configuration list for PBXNativeTarget "UICollection" */;
			buildPhases = (
				8F6B85712414F73200BFEFBC /* Sources */,
				8F6B85722414F73200BFEFBC /* Frameworks */,
				8F6B85732414F73200BFEFBC /* Resources */,
			);
			buildRules = (
			);
			dependencies = (
			);
			name = UICollection;
			productName = UICollection;
			productReference = 8F6B85752414F73200BFEFBC /* UICollection.app */;
			productType = "com.apple.product-type.application";
		};
		8F6B858A2414F73300BFEFBC /* UICollectionTests */ = {
			isa = PBXNativeTarget;
			buildConfigurationList = 8F6B85A22414F73300BFEFBC /* Build configuration list for PBXNativeTarget "UICollectionTests" */;
			buildPhases = (
				8F6B85872414F73300BFEFBC /* Sources */,
				8F6B85882414F73300BFEFBC /* Frameworks */,
				8F6B85892414F73300BFEFBC /* Resources */,
			);
			buildRules = (
			);
			dependencies = (
				8F6B858D2414F73300BFEFBC /* PBXTargetDependency */,
			);
			name = UICollectionTests;
			productName = UICollectionTests;
			productReference = 8F6B858B2414F73300BFEFBC /* UICollectionTests.xctest */;
			productType = "com.apple.product-type.bundle.unit-test";
		};
		8F6B85952414F73300BFEFBC /* UICollectionUITests */ = {
			isa = PBXNativeTarget;
			buildConfigurationList = 8F6B85A52414F73300BFEFBC /* Build configuration list for PBXNativeTarget "UICollectionUITests" */;
			buildPhases = (
				8F6B85922414F73300BFEFBC /* Sources */,
				8F6B85932414F73300BFEFBC /* Frameworks */,
				8F6B85942414F73300BFEFBC /* Resources */,
			);
			buildRules = (
			);
			dependencies = (
				8F6B85982414F73300BFEFBC /* PBXTargetDependency */,
			);
			name = UICollectionUITests;
			productName = UICollectionUITests;
			productReference = 8F6B85962414F73300BFEFBC /* UICollectionUITests.xctest */;
			productType = "com.apple.product-type.bundle.ui-testing";
		};
/* End PBXNativeTarget section */

/* Begin PBXProject section */
		8F6B856D2414F73200BFEFBC /* Project object */ = {
			isa = PBXProject;
			attributes = {
				LastSwiftUpdateCheck = 1130;
				LastUpgradeCheck = 1130;
				ORGANIZATIONNAME = "One-Zero";
				TargetAttributes = {
					8F6B85742414F73200BFEFBC = {
						CreatedOnToolsVersion = 11.3.1;
					};
					8F6B858A2414F73300BFEFBC = {
						CreatedOnToolsVersion = 11.3.1;
						TestTargetID = 8F6B85742414F73200BFEFBC;
					};
					8F6B85952414F73300BFEFBC = {
						CreatedOnToolsVersion = 11.3.1;
						TestTargetID = 8F6B85742414F73200BFEFBC;
					};
				};
			};
			buildConfigurationList = 8F6B85702414F73200BFEFBC /* Build configuration list for PBXProject "UICollection" */;
			compatibilityVersion = "Xcode 9.3";
			developmentRegion = en;
			hasScannedForEncodings = 0;
			knownRegions = (
				en,
				Base,
			);
			mainGroup = 8F6B856C2414F73200BFEFBC;
			productRefGroup = 8F6B85762414F73200BFEFBC /* Products */;
			projectDirPath = "";
			projectRoot = "";
			targets = (
				8F6B85742414F73200BFEFBC /* UICollection */,
				8F6B858A2414F73300BFEFBC /* UICollectionTests */,
				8F6B85952414F73300BFEFBC /* UICollectionUITests */,
			);
		};
/* End PBXProject section */

/* Begin PBXResourcesBuildPhase section */
		8F6B85732414F73200BFEFBC /* Resources */ = {
			isa = PBXResourcesBuildPhase;
			buildActionMask = 2147483647;
			files = (
				8F6B85852414F73300BFEFBC /* LaunchScreen.storyboard in Resources */,
				8F6B85822414F73300BFEFBC /* Assets.xcassets in Resources */,
				8F6B85802414F73200BFEFBC /* Main.storyboard in Resources */,
			);
			runOnlyForDeploymentPostprocessing = 0;
		};
		8F6B85892414F73300BFEFBC /* Resources */ = {
			isa = PBXResourcesBuildPhase;
			buildActionMask = 2147483647;
			files = (
			);
			runOnlyForDeploymentPostprocessing = 0;
		};
		8F6B85942414F73300BFEFBC /* Resources */ = {
			isa = PBXResourcesBuildPhase;
			buildActionMask = 2147483647;
			files = (
			);
			runOnlyForDeploymentPostprocessing = 0;
		};
/* End PBXResourcesBuildPhase section */

/* Begin PBXSourcesBuildPhase section */
		8F6B85712414F73200BFEFBC /* Sources */ = {
			isa = PBXSourcesBuildPhase;
			buildActionMask = 2147483647;
			files = (
				8F6B857D2414F73200BFEFBC /* ViewController.swift in Sources */,
				8F6B85A92415045B00BFEFBC /* cell.swift in Sources */,
				8F6B85792414F73200BFEFBC /* AppDelegate.swift in Sources */,
				8F6B857B2414F73200BFEFBC /* SceneDelegate.swift in Sources */,
			);
			runOnlyForDeploymentPostprocessing = 0;
		};
		8F6B85872414F73300BFEFBC /* Sources */ = {
			isa = PBXSourcesBuildPhase;
			buildActionMask = 2147483647;
			files = (
				8F6B85902414F73300BFEFBC /* UICollectionTests.swift in Sources */,
			);
			runOnlyForDeploymentPostprocessing = 0;
		};
		8F6B85922414F73300BFEFBC /* Sources */ = {
			isa = PBXSourcesBuildPhase;
			buildActionMask = 2147483647;
			files = (
				8F6B859B2414F73300BFEFBC /* UICollectionUITests.swift in Sources */,
			);
			runOnlyForDeploymentPostprocessing = 0;
		};
/* End PBXSourcesBuildPhase section */

/* Begin PBXTargetDependency section */
		8F6B858D2414F73300BFEFBC /* PBXTargetDependency */ = {
			isa = PBXTargetDependency;
			target = 8F6B85742414F73200BFEFBC /* UICollection */;
			targetProxy = 8F6B858C2414F73300BFEFBC /* PBXContainerItemProxy */;
		};
		8F6B85982414F73300BFEFBC /* PBXTargetDependency */ = {
			isa = PBXTargetDependency;
			target = 8F6B85742414F73200BFEFBC /* UICollection */;
			targetProxy = 8F6B85972414F73300BFEFBC /* PBXContainerItemProxy */;
		};
/* End PBXTargetDependency section */

/* Begin PBXVariantGroup section */
		8F6B857E2414F73200BFEFBC /* Main.storyboard */ = {
			isa = PBXVariantGroup;
			children = (
				8F6B857F2414F73200BFEFBC /* Base */,
			);
			name = Main.storyboard;
			sourceTree = "<group>";
		};
		8F6B85832414F73300BFEFBC /* LaunchScreen.storyboard */ = {
			isa = PBXVariantGroup;
			children = (
				8F6B85842414F73300BFEFBC /* Base */,
			);
			name = LaunchScreen.storyboard;
			sourceTree = "<group>";
		};
/* End PBXVariantGroup section */

/* Begin XCBuildConfiguration section */
		8F6B859D2414F73300BFEFBC /* Debug */ = {
			isa = XCBuildConfiguration;
			buildSettings = {
				ALWAYS_SEARCH_USER_PATHS = NO;
				CLANG_ANALYZER_NONNULL = YES;
				CLANG_ANALYZER_NUMBER_OBJECT_CONVERSION = YES_AGGRESSIVE;
				CLANG_CXX_LANGUAGE_STANDARD = "gnu++14";
				CLANG_CXX_LIBRARY = "libc++";
				CLANG_ENABLE_MODULES = YES;
				CLANG_ENABLE_OBJC_ARC = YES;
				CLANG_ENABLE_OBJC_WEAK = YES;
				CLANG_WARN_BLOCK_CAPTURE_AUTORELEASING = YES;
				CLANG_WARN_BOOL_CONVERSION = YES;
				CLANG_WARN_COMMA = YES;
				CLANG_WARN_CONSTANT_CONVERSION = YES;
				CLANG_WARN_DEPRECATED_OBJC_IMPLEMENTATIONS = YES;
				CLANG_WARN_DIRECT_OBJC_ISA_USAGE = YES_ERROR;
				CLANG_WARN_DOCUMENTATION_COMMENTS = YES;
				CLANG_WARN_EMPTY_BODY = YES;
				CLANG_WARN_ENUM_CONVERSION = YES;
				CLANG_WARN_INFINITE_RECURSION = YES;
				CLANG_WARN_INT_CONVERSION = YES;
				CLANG_WARN_NON_LITERAL_NULL_CONVERSION = YES;
				CLANG_WARN_OBJC_IMPLICIT_RETAIN_SELF = YES;
				CLANG_WARN_OBJC_LITERAL_CONVERSION = YES;
				CLANG_WARN_OBJC_ROOT_CLASS = YES_ERROR;
				CLANG_WARN_RANGE_LOOP_ANALYSIS = YES;
				CLANG_WARN_STRICT_PROTOTYPES = YES;
				CLANG_WARN_SUSPICIOUS_MOVE = YES;
				CLANG_WARN_UNGUARDED_AVAILABILITY = YES_AGGRESSIVE;
				CLANG_WARN_UNREACHABLE_CODE = YES;
				CLANG_WARN__DUPLICATE_METHOD_MATCH = YES;
				COPY_PHASE_STRIP = NO;
				DEBUG_INFORMATION_FORMAT = dwarf;
				ENABLE_STRICT_OBJC_MSGSEND = YES;
				ENABLE_TESTABILITY = YES;
				GCC_C_LANGUAGE_STANDARD = gnu11;
				GCC_DYNAMIC_NO_PIC = NO;
				GCC_NO_COMMON_BLOCKS = YES;
				GCC_OPTIMIZATION_LEVEL = 0;
				GCC_PREPROCESSOR_DEFINITIONS = (
					"DEBUG=1",
					"$(inherited)",
				);
				GCC_WARN_64_TO_32_BIT_CONVERSION = YES;
				GCC_WARN_ABOUT_RETURN_TYPE = YES_ERROR;
				GCC_WARN_UNDECLARED_SELECTOR = YES;
				GCC_WARN_UNINITIALIZED_AUTOS = YES_AGGRESSIVE;
				GCC_WARN_UNUSED_FUNCTION = YES;
				GCC_WARN_UNUSED_VARIABLE = YES;
				IPHONEOS_DEPLOYMENT_TARGET = 13.2;
				MTL_ENABLE_DEBUG_INFO = INCLUDE_SOURCE;
				MTL_FAST_MATH = YES;
				ONLY_ACTIVE_ARCH = YES;
				SDKROOT = iphoneos;
				SWIFT_ACTIVE_COMPILATION_CONDITIONS = DEBUG;
				SWIFT_OPTIMIZATION_LEVEL = "-Onone";
			};
			name = Debug;
		};
		8F6B859E2414F73300BFEFBC /* Release */ = {
			isa = XCBuildConfiguration;
			buildSettings = {
				ALWAYS_SEARCH_USER_PATHS = NO;
				CLANG_ANALYZER_NONNULL = YES;
				CLANG_ANALYZER_NUMBER_OBJECT_CONVERSION = YES_AGGRESSIVE;
				CLANG_CXX_LANGUAGE_STANDARD = "gnu++14";
				CLANG_CXX_LIBRARY = "libc++";
				CLANG_ENABLE_MODULES = YES;
				CLANG_ENABLE_OBJC_ARC = YES;
				CLANG_ENABLE_OBJC_WEAK = YES;
				CLANG_WARN_BLOCK_CAPTURE_AUTORELEASING = YES;
				CLANG_WARN_BOOL_CONVERSION = YES;
				CLANG_WARN_COMMA = YES;
				CLANG_WARN_CONSTANT_CONVERSION = YES;
				CLANG_WARN_DEPRECATED_OBJC_IMPLEMENTATIONS = YES;
				CLANG_WARN_DIRECT_OBJC_ISA_USAGE = YES_ERROR;
				CLANG_WARN_DOCUMENTATION_COMMENTS = YES;
				CLANG_WARN_EMPTY_BODY = YES;
				CLANG_WARN_ENUM_CONVERSION = YES;
				CLANG_WARN_INFINITE_RECURSION = YES;
				CLANG_WARN_INT_CONVERSION = YES;
				CLANG_WARN_NON_LITERAL_NULL_CONVERSION = YES;
				CLANG_WARN_OBJC_IMPLICIT_RETAIN_SELF = YES;
				CLANG_WARN_OBJC_LITERAL_CONVERSION = YES;
				CLANG_WARN_OBJC_ROOT_CLASS = YES_ERROR;
				CLANG_WARN_RANGE_LOOP_ANALYSIS = YES;
				CLANG_WARN_STRICT_PROTOTYPES = YES;
				CLANG_WARN_SUSPICIOUS_MOVE = YES;
				CLANG_WARN_UNGUARDED_AVAILABILITY = YES_AGGRESSIVE;
				CLANG_WARN_UNREACHABLE_CODE = YES;
				CLANG_WARN__DUPLICATE_METHOD_MATCH = YES;
				COPY_PHASE_STRIP = NO;
				DEBUG_INFORMATION_FORMAT = "dwarf-with-dsym";
				ENABLE_NS_ASSERTIONS = NO;
				ENABLE_STRICT_OBJC_MSGSEND = YES;
				GCC_C_LANGUAGE_STANDARD = gnu11;
				GCC_NO_COMMON_BLOCKS = YES;
				GCC_WARN_64_TO_32_BIT_CONVERSION = YES;
				GCC_WARN_ABOUT_RETURN_TYPE = YES_ERROR;
				GCC_WARN_UNDECLARED_SELECTOR = YES;
				GCC_WARN_UNINITIALIZED_AUTOS = YES_AGGRESSIVE;
				GCC_WARN_UNUSED_FUNCTION = YES;
				GCC_WARN_UNUSED_VARIABLE = YES;
				IPHONEOS_DEPLOYMENT_TARGET = 13.2;
				MTL_ENABLE_DEBUG_INFO = NO;
				MTL_FAST_MATH = YES;
				SDKROOT = iphoneos;
				SWIFT_COMPILATION_MODE = wholemodule;
				SWIFT_OPTIMIZATION_LEVEL = "-O";
				VALIDATE_PRODUCT = YES;
			};
			name = Release;
		};
		8F6B85A02414F73300BFEFBC /* Debug */ = {
			isa = XCBuildConfiguration;
			buildSettings = {
				ASSETCATALOG_COMPILER_APPICON_NAME = AppIcon;
				CODE_SIGN_STYLE = Automatic;
				DEVELOPMENT_TEAM = V93DX35MN6;
				INFOPLIST_FILE = UICollection/Info.plist;
				LD_RUNPATH_SEARCH_PATHS = (
					"$(inherited)",
					"@executable_path/Frameworks",
				);
				PRODUCT_BUNDLE_IDENTIFIER = "One-Zero.UICollection";
				PRODUCT_NAME = "$(TARGET_NAME)";
				SWIFT_VERSION = 5.0;
				TARGETED_DEVICE_FAMILY = "1,2";
			};
			name = Debug;
		};
		8F6B85A12414F73300BFEFBC /* Release */ = {
			isa = XCBuildConfiguration;
			buildSettings = {
				ASSETCATALOG_COMPILER_APPICON_NAME = AppIcon;
				CODE_SIGN_STYLE = Automatic;
				DEVELOPMENT_TEAM = V93DX35MN6;
				INFOPLIST_FILE = UICollection/Info.plist;
				LD_RUNPATH_SEARCH_PATHS = (
					"$(inherited)",
					"@executable_path/Frameworks",
				);
				PRODUCT_BUNDLE_IDENTIFIER = "One-Zero.UICollection";
				PRODUCT_NAME = "$(TARGET_NAME)";
				SWIFT_VERSION = 5.0;
				TARGETED_DEVICE_FAMILY = "1,2";
			};
			name = Release;
		};
		8F6B85A32414F73300BFEFBC /* Debug */ = {
			isa = XCBuildConfiguration;
			buildSettings = {
				ALWAYS_EMBED_SWIFT_STANDARD_LIBRARIES = YES;
				BUNDLE_LOADER = "$(TEST_HOST)";
				CODE_SIGN_STYLE = Automatic;
				DEVELOPMENT_TEAM = V93DX35MN6;
				INFOPLIST_FILE = UICollectionTests/Info.plist;
				IPHONEOS_DEPLOYMENT_TARGET = 13.2;
				LD_RUNPATH_SEARCH_PATHS = (
					"$(inherited)",
					"@executable_path/Frameworks",
					"@loader_path/Frameworks",
				);
				PRODUCT_BUNDLE_IDENTIFIER = "One-Zero.UICollectionTests";
				PRODUCT_NAME = "$(TARGET_NAME)";
				SWIFT_VERSION = 5.0;
				TARGETED_DEVICE_FAMILY = "1,2";
				TEST_HOST = "$(BUILT_PRODUCTS_DIR)/UICollection.app/UICollection";
			};
			name = Debug;
		};
		8F6B85A42414F73300BFEFBC /* Release */ = {
			isa = XCBuildConfiguration;
			buildSettings = {
				ALWAYS_EMBED_SWIFT_STANDARD_LIBRARIES = YES;
				BUNDLE_LOADER = "$(TEST_HOST)";
				CODE_SIGN_STYLE = Automatic;
				DEVELOPMENT_TEAM = V93DX35MN6;
				INFOPLIST_FILE = UICollectionTests/Info.plist;
				IPHONEOS_DEPLOYMENT_TARGET = 13.2;
				LD_RUNPATH_SEARCH_PATHS = (
					"$(inherited)",
					"@executable_path/Frameworks",
					"@loader_path/Frameworks",
				);
				PRODUCT_BUNDLE_IDENTIFIER = "One-Zero.UICollectionTests";
				PRODUCT_NAME = "$(TARGET_NAME)";
				SWIFT_VERSION = 5.0;
				TARGETED_DEVICE_FAMILY = "1,2";
				TEST_HOST = "$(BUILT_PRODUCTS_DIR)/UICollection.app/UICollection";
			};
			name = Release;
		};
		8F6B85A62414F73300BFEFBC /* Debug */ = {
			isa = XCBuildConfiguration;
			buildSettings = {
				ALWAYS_EMBED_SWIFT_STANDARD_LIBRARIES = YES;
				CODE_SIGN_STYLE = Automatic;
				DEVELOPMENT_TEAM = V93DX35MN6;
				INFOPLIST_FILE = UICollectionUITests/Info.plist;
				LD_RUNPATH_SEARCH_PATHS = (
					"$(inherited)",
					"@executable_path/Frameworks",
					"@loader_path/Frameworks",
				);
				PRODUCT_BUNDLE_IDENTIFIER = "One-Zero.UICollectionUITests";
				PRODUCT_NAME = "$(TARGET_NAME)";
				SWIFT_VERSION = 5.0;
				TARGETED_DEVICE_FAMILY = "1,2";
				TEST_TARGET_NAME = UICollection;
			};
			name = Debug;
		};
		8F6B85A72414F73300BFEFBC /* Release */ = {
			isa = XCBuildConfiguration;
			buildSettings = {
				ALWAYS_EMBED_SWIFT_STANDARD_LIBRARIES = YES;
				CODE_SIGN_STYLE = Automatic;
				DEVELOPMENT_TEAM = V93DX35MN6;
				INFOPLIST_FILE = UICollectionUITests/Info.plist;
				LD_RUNPATH_SEARCH_PATHS = (
					"$(inherited)",
					"@executable_path/Frameworks",
					"@loader_path/Frameworks",
				);
				PRODUCT_BUNDLE_IDENTIFIER = "One-Zero.UICollectionUITests";
				PRODUCT_NAME = "$(TARGET_NAME)";
				SWIFT_VERSION = 5.0;
				TARGETED_DEVICE_FAMILY = "1,2";
				TEST_TARGET_NAME = UICollection;
			};
			name = Release;
		};
/* End XCBuildConfiguration section */

/* Begin XCConfigurationList section */
		8F6B85702414F73200BFEFBC /* Build configuration list for PBXProject "UICollection" */ = {
			isa = XCConfigurationList;
			buildConfigurations = (
				8F6B859D2414F73300BFEFBC /* Debug */,
				8F6B859E2414F73300BFEFBC /* Release */,
			);
			defaultConfigurationIsVisible = 0;
			defaultConfigurationName = Release;
		};
		8F6B859F2414F73300BFEFBC /* Build configuration list for PBXNativeTarget "UICollection" */ = {
			isa = XCConfigurationList;
			buildConfigurations = (
				8F6B85A02414F73300BFEFBC /* Debug */,
				8F6B85A12414F73300BFEFBC /* Release */,
			);
			defaultConfigurationIsVisible = 0;
			defaultConfigurationName = Release;
		};
		8F6B85A22414F73300BFEFBC /* Build configuration list for PBXNativeTarget "UICollectionTests" */ = {
			isa = XCConfigurationList;
			buildConfigurations = (
				8F6B85A32414F73300BFEFBC /* Debug */,
				8F6B85A42414F73300BFEFBC /* Release */,
			);
			defaultConfigurationIsVisible = 0;
			defaultConfigurationName = Release;
		};
		8F6B85A52414F73300BFEFBC /* Build configuration list for PBXNativeTarget "UICollectionUITests" */ = {
			isa = XCConfigurationList;
			buildConfigurations = (
				8F6B85A62414F73300BFEFBC /* Debug */,
				8F6B85A72414F73300BFEFBC /* Release */,
			);
			defaultConfigurationIsVisible = 0;
			defaultConfigurationName = Release;
		};
/* End XCConfigurationList section */
	};
	rootObject = 8F6B856D2414F73200BFEFBC /* Project object */;
}
